# THIS IS AN AUTOGENERATED FILE. DO NOT EDIT THIS FILE DIRECTLY.
# yarn lockfile v1


"@faker-js/faker@^10.1.0":
  version "10.1.0"
  resolved "https://registry.npmjs.org/@faker-js/faker/-/faker-10.1.0.tgz"
  integrity sha512-C3mrr3b5dRVlKPJdfrAXS8+dq+rq8Qm5SNRazca0JKgw1HQERFmrVb0towvMmw5uu8hHKNiQasMaR/tydf3Zsg==

"@playwright/test@^1.56.1":
  version "1.56.1"
  resolved "https://registry.npmjs.org/@playwright/test/-/test-1.56.1.tgz"
  integrity sha512-vSMYtL/zOcFpvJCW71Q/OEGQb7KYBPAdKh35WNSkaZA75JlAO8ED8UN6GUNTm3drWomcbcqRPFqQbLae8yBTdg==
  dependencies:
    playwright "1.56.1"

"@types/node@^24.9.1":
  version "24.9.1"
  resolved "https://registry.npmjs.org/@types/node/-/node-24.9.1.tgz"
  integrity sha512-QoiaXANRkSXK6p0Duvt56W208du4P9Uye9hWLWgGMDTEoKPhuenzNcC4vGUmrNkiOKTlIrBoyNQYNpSwfEZXSg==
  dependencies:
    undici-types "~7.16.0"

fsevents@2.3.2:
  version "2.3.2"
  resolved "https://registry.npmjs.org/fsevents/-/fsevents-2.3.2.tgz"
  integrity sha512-xiqMQR4xAeHTuB9uWm+fFRcIOgKBMiOBP+eXiyT7jsgVCq1bkVygt00oASowB7EdtpOHaaPgKt812P9ab+DDKA==

playwright-core@1.56.1:
  version "1.56.1"
  resolved "https://registry.npmjs.org/playwright-core/-/playwright-core-1.56.1.tgz"
  integrity sha512-hutraynyn31F+Bifme+Ps9Vq59hKuUCz7H1kDOcBs+2oGguKkWTU50bBWrtz34OUWmIwpBTWDxaRPXrIXkgvmQ==

playwright@1.56.1:
  version "1.56.1"
  resolved "https://registry.npmjs.org/playwright/-/playwright-1.56.1.tgz"
  integrity sha512-aFi5B0WovBHTEvpM3DzXTUaeN6eN0qWnTkKx4NQaH4Wvcmc153PdaY2UBdSYKaGYw+UyWXSVyxDUg5DoPEttjw==
  dependencies:
    playwright-core "1.56.1"
  optionalDependencies:
    fsevents "2.3.2"

undici-types@~7.16.0:
  version "7.16.0"
  resolved "https://registry.npmjs.org/undici-types/-/undici-types-7.16.0.tgz"
  integrity sha512-Zz+aZWSj8LE6zoxD+xrjh4VfkIG8Ya6LvYkZqtUQGJPZjYl53ypCaUwWqo7eI0x66KBGeRo+mlBEkMSeSZ38Nw==
